{
  "name": "@shakkernerd/kova",
  "version": "0.1.0",
  "lockfileVersion": 3,
  "requires": true,
  "packages": {
    "": {
      "name": "@shakkernerd/kova",
      "version": "0.1.0",
      "dependencies": {
        "json5": "2.2.3",
        "mock-ai-provider": "0.1.2",
        "zod": "^4.4.3"
      },
      "bin": {
        "kova": "bin/kova.mjs"
      },
      "engines": {
        "node": ">=22"
      }
    },
    "node_modules/json5": {
      "version": "2.2.3",
      "resolved": "https://registry.npmjs.org/json5/-/json5-2.2.3.tgz",
      "integrity": "sha512-XmOWe7eyHYH14cLdVPoyg+GOH3rYX++KpzrylJwSW98t3Nk+U8XOl8FWKOgwtzdb8lXGf6zYwDUzeHMWfxasyg==",
      "license": "MIT",
      "bin": {
        "json5": "lib/cli.js"
      },
      "engines": {
        "node": ">=6"
      }
    },
    "node_modules/mock-ai-provider": {
      "version": "0.1.2",
      "resolved": "https://registry.npmjs.org/mock-ai-provider/-/mock-ai-provider-0.1.2.tgz",
      "integrity": "sha512-nuvpPGpezhFh/JWIfgrNaHTUOclnuTuYZ9vTFXO/ts9AfVV/zrQyDLZGrIYdPLUGaOTzqqEbDnbvlrRDqWrAoA==",
      "license": "MIT",
      "bin": {
        "mock-ai-provider": "dist/cli.js"
      },
      "engines": {
        "node": ">=22.19.0"
      }
    },
    "node_modules/zod": {
      "version": "4.4.3",
      "resolved": "https://registry.npmjs.org/zod/-/zod-4.4.3.tgz",
      "integrity": "sha512-ytENFjIJFl2UwYglde2jchW2Hwm4GJFLDiSXWdTrJQBIN9Fcyp7n4DhxJEiWNAJMV1/BqWfW/kkg71UDcHJyTQ==",
      "license": "MIT",
      "funding": {
        "url": "https://github.com/sponsors/colinhacks"
      }
    }
  }
}
